// !$*UTF8*$!
{
	archiveVersion = 1;
	classes = {
	};
	objectVersion = 46;
	objects = {

/* Begin PBXBuildFile section */
		18C400531DB4716200C82EE9 /* main.m in Sources */ = {isa = PBXBuildFile; fileRef = 18C400521DB4716200C82EE9 /* main.m */; };
		18C400561DB4716200C82EE9 /* AppDelegate.m in Sources */ = {isa = PBXBuildFile; fileRef = 18C400551DB4716200C82EE9 /* AppDelegate.m */; };
		18C400591DB4716200C82EE9 /* ViewController.m in Sources */ = {isa = PBXBuildFile; fileRef = 18C400581DB4716200C82EE9 /* ViewController.m */; };
		18C4005C1DB4716200C82EE9 /* Main.storyboard in Resources */ = {isa = PBXBuildFile; fileRef = 18C4005A1DB4716200C82EE9 /* Main.storyboard */; };
		18C4005E1DB4716200C82EE9 /* Assets.xcassets in Resources */ = {isa = PBXBuildFile; fileRef = 18C4005D1DB4716200C82EE9 /* Assets.xcassets */; };
		18C400611DB4716200C82EE9 /* LaunchScreen.storyboard in Resources */ = {isa = PBXBuildFile; fileRef = 18C4005F1DB4716200C82EE9 /* LaunchScreen.storyboard */; };
		18C4006A1DB471A300C82EE9 /* SelectBallView.m in Sources */ = {isa = PBXBuildFile; fileRef = 18C400691DB471A300C82EE9 /* SelectBallView.m */; };
		18C4006C1DB4BE2000C82EE9 /* BetRedBallPressed@2x.png in Resources */ = {isa = PBXBuildFile; fileRef = 18C4006B1DB4BE2000C82EE9 /* BetRedBallPressed@2x.png */; };
/* End PBXBuildFile section */

/* Begin PBXFileReference section */
		18C4004E1DB4716200C82EE9 /* SelectButtonViewDemo.app */ = {isa = PBXFileReference; explicitFileType = wrapper.application; includeInIndex = 0; path = SelectButtonViewDemo.app; sourceTree = BUILT_PRODUCTS_DIR; };
		18C400521DB4716200C82EE9 /* main.m */ = {isa = PBXFileReference; lastKnownFileType = sourcecode.c.objc; path = main.m; sourceTree = "<group>"; };
		18C400541DB4716200C82EE9 /* AppDelegate.h */ = {isa = PBXFileReference; lastKnownFileType = sourcecode.c.h; path = AppDelegate.h; sourceTree = "<group>"; };
		18C400551DB4716200C82EE9 /* AppDelegate.m */ = {isa = PBXFileReference; lastKnownFileType = sourcecode.c.objc; path = AppDelegate.m; sourceTree = "<group>"; };
		18C400571DB4716200C82EE9 /* ViewController.h */ = {isa = PBXFileReference; lastKnownFileType = sourcecode.c.h; path = ViewController.h; sourceTree = "<group>"; };
		18C400581DB4716200C82EE9 /* ViewController.m */ = {isa = PBXFileReference; lastKnownFileType = sourcecode.c.objc; path = ViewController.m; sourceTree = "<group>"; };
		18C4005B1DB4716200C82EE9 /* Base */ = {isa = PBXFileReference; lastKnownFileType = file.storyboard; name = Base; path = Base.lproj/Main.storyboard; sourceTree = "<group>"; };
		18C4005D1DB4716200C82EE9 /* Assets.xcassets */ = {isa = PBXFileReference; lastKnownFileType = folder.assetcatalog; path = Assets.xcassets; sourceTree = "<group>"; };
		18C400601DB4716200C82EE9 /* Base */ = {isa = PBXFileReference; lastKnownFileType = file.storyboard; name = Base; path = Base.lproj/LaunchScreen.storyboard; sourceTree = "<group>"; };
		18C400621DB4716200C82EE9 /* Info.plist */ = {isa = PBXFileReference; lastKnownFileType = text.plist.xml; path = Info.plist; sourceTree = "<group>"; };
		18C400681DB471A300C82EE9 /* SelectBallView.h */ = {isa = PBXFileReference; fileEncoding = 4; lastKnownFileType = sourcecode.c.h; path = SelectBallView.h; sourceTree = "<group>"; };
		18C400691DB471A300C82EE9 /* SelectBallView.m */ = {isa = PBXFileReference; fileEncoding = 4; lastKnownFileType = sourcecode.c.objc; path = SelectBallView.m; sourceTree = "<group>"; };
		18C4006B1DB4BE2000C82EE9 /* BetRedBallPressed@2x.png */ = {isa = PBXFileReference; lastKnownFileType = image.png; path = "BetRedBallPressed@2x.png"; sourceTree = "<group>"; };
/* End PBXFileReference section */

/* Begin PBXFrameworksBuildPhase section */
		18C4004B1DB4716200C82EE9 /* Frameworks */ = {
			isa = PBXFrameworksBuildPhase;
			buildActionMask = 2147483647;
			files = (
			);
			runOnlyForDeploymentPostprocessing = 0;
		};
/* End PBXFrameworksBuildPhase section */

/* Begin PBXGroup section */
		18C400451DB4716100C82EE9 = {
			isa = PBXGroup;
			children = (
				18C400501DB4716200C82EE9 /* SelectButtonViewDemo */,
				18C4004F1DB4716200C82EE9 /* Products */,
			);
			sourceTree = "<group>";
		};
		18C4004F1DB4716200C82EE9 /* Products */ = {
			isa = PBXGroup;
			children = (
				18C4004E1DB4716200C82EE9 /* SelectButtonViewDemo.app */,
			);
			name = Products;
			sourceTree = "<group>";
		};
		18C400501DB4716200C82EE9 /* SelectButtonViewDemo */ = {
			isa = PBXGroup;
			children = (
				18C400541DB4716200C82EE9 /* AppDelegate.h */,
				18C400551DB4716200C82EE9 /* AppDelegate.m */,
				18C400571DB4716200C82EE9 /* ViewController.h */,
				18C400581DB4716200C82EE9 /* ViewController.m */,
				18C400681DB471A300C82EE9 /* SelectBallView.h */,
				18C400691DB471A300C82EE9 /* SelectBallView.m */,
				18C4006B1DB4BE2000C82EE9 /* BetRedBallPressed@2x.png */,
				18C4005A1DB4716200C82EE9 /* Main.storyboard */,
				18C4005D1DB4716200C82EE9 /* Assets.xcassets */,
				18C4005F1DB4716200C82EE9 /* LaunchScreen.storyboard */,
				18C400621DB4716200C82EE9 /* Info.plist */,
				18C400511DB4716200C82EE9 /* Supporting Files */,
			);
			path = SelectButtonViewDemo;
			sourceTree = "<group>";
		};
		18C400511DB4716200C82EE9 /* Supporting Files */ = {
			isa = PBXGroup;
			children = (
				18C400521DB4716200C82EE9 /* main.m */,
			);
			name = "Supporting Files";
			sourceTree = "<group>";
		};
/* End PBXGroup section */

/* Begin PBXNativeTarget section */
		18C4004D1DB4716200C82EE9 /* SelectButtonViewDemo */ = {
			isa = PBXNativeTarget;
			buildConfigurationList = 18C400651DB4716200C82EE9 /* Build configuration list for PBXNativeTarget "SelectButtonViewDemo" */;
			buildPhases = (
				18C4004A1DB4716200C82EE9 /* Sources */,
				18C4004B1DB4716200C82EE9 /* Frameworks */,
				18C4004C1DB4716200C82EE9 /* Resources */,
			);
			buildRules = (
			);
			dependencies = (
			);
			name = SelectButtonViewDemo;
			productName = SelectButtonViewDemo;
			productReference = 18C4004E1DB4716200C82EE9 /* SelectButtonViewDemo.app */;
			productType = "com.apple.product-type.application";
		};
/* End PBXNativeTarget section */

/* Begin PBXProject section */
		18C400461DB4716100C82EE9 /* Project object */ = {
			isa = PBXProject;
			attributes = {
				LastUpgradeCheck = 0720;
				ORGANIZATIONNAME = YM;
				TargetAttributes = {
					18C4004D1DB4716200C82EE9 = {
						CreatedOnToolsVersion = 7.2.1;
					};
				};
			};
			buildConfigurationList = 18C400491DB4716100C82EE9 /* Build configuration list for PBXProject "SelectButtonViewDemo" */;
			compatibilityVersion = "Xcode 3.2";
			developmentRegion = English;
			hasScannedForEncodings = 0;
			knownRegions = (
				en,
				Base,
			);
			mainGroup = 18C400451DB4716100C82EE9;
			productRefGroup = 18C4004F1DB4716200C82EE9 /* Products */;
			projectDirPath = "";
			projectRoot = "";
			targets = (
				18C4004D1DB4716200C82EE9 /* SelectButtonViewDemo */,
			);
		};
/* End PBXProject section */

/* Begin PBXResourcesBuildPhase section */
		18C4004C1DB4716200C82EE9 /* Resources */ = {
			isa = PBXResourcesBuildPhase;
			buildActionMask = 2147483647;
			files = (
				18C4006C1DB4BE2000C82EE9 /* BetRedBallPressed@2x.png in Resources */,
				18C400611DB4716200C82EE9 /* LaunchScreen.storyboard in Resources */,
				18C4005E1DB4716200C82EE9 /* Assets.xcassets in Resources */,
				18C4005C1DB4716200C82EE9 /* Main.storyboard in Resources */,
			);
			runOnlyForDeploymentPostprocessing = 0;
		};
/* End PBXResourcesBuildPhase section */

/* Begin PBXSourcesBuildPhase section */
		18C4004A1DB4716200C82EE9 /* Sources */ = {
			isa = PBXSourcesBuildPhase;
			buildActionMask = 2147483647;
			files = (
				18C400591DB4716200C82EE9 /* ViewController.m in Sources */,
				18C4006A1DB471A300C82EE9 /* SelectBallView.m in Sources */,
				18C400561DB4716200C82EE9 /* AppDelegate.m in Sources */,
				18C400531DB4716200C82EE9 /* main.m in Sources */,
			);
			runOnlyForDeploymentPostprocessing = 0;
		};
/* End PBXSourcesBuildPhase section */

/* Begin PBXVariantGroup section */
		18C4005A1DB4716200C82EE9 /* Main.storyboard */ = {
			isa = PBXVariantGroup;
			children = (
				18C4005B1DB4716200C82EE9 /* Base */,
			);
			name = Main.storyboard;
			sourceTree = "<group>";
		};
		18C4005F1DB4716200C82EE9 /* LaunchScreen.storyboard */ = {
			isa = PBXVariantGroup;
			children = (
				18C400601DB4716200C82EE9 /* Base */,
			);
			name = LaunchScreen.storyboard;
			sourceTree = "<group>";
		};
/* End PBXVariantGroup section */

/* Begin XCBuildConfiguration section */
		18C400631DB4716200C82EE9 /* Debug */ = {
			isa = XCBuildConfiguration;
			buildSettings = {
				ALWAYS_SEARCH_USER_PATHS = NO;
				CLANG_CXX_LANGUAGE_STANDARD = "gnu++0x";
				CLANG_CXX_LIBRARY = "libc++";
				CLANG_ENABLE_MODULES = YES;
				CLANG_ENABLE_OBJC_ARC = YES;
				CLANG_WARN_BOOL_CONVERSION = YES;
				CLANG_WARN_CONSTANT_CONVERSION = YES;
				CLANG_WARN_DIRECT_OBJC_ISA_USAGE = YES_ERROR;
				CLANG_WARN_EMPTY_BODY = YES;
				CLANG_WARN_ENUM_CONVERSION = YES;
				CLANG_WARN_INT_CONVERSION = YES;
				CLANG_WARN_OBJC_ROOT_CLASS = YES_ERROR;
				CLANG_WARN_UNREACHABLE_CODE = YES;
				CLANG_WARN__DUPLICATE_METHOD_MATCH = YES;
				"CODE_SIGN_IDENTITY[sdk=iphoneos*]" = "iPhone Developer";
				COPY_PHASE_STRIP = NO;
				DEBUG_INFORMATION_FORMAT = dwarf;
				ENABLE_STRICT_OBJC_MSGSEND = YES;
				ENABLE_TESTABILITY = YES;
				GCC_C_LANGUAGE_STANDARD = gnu99;
				GCC_DYNAMIC_NO_PIC = NO;
				GCC_NO_COMMON_BLOCKS = YES;
				GCC_OPTIMIZATION_LEVEL = 0;
				GCC_PREPROCESSOR_DEFINITIONS = (
					"DEBUG=1",
					"$(inherited)",
				);
				GCC_WARN_64_TO_32_BIT_CONVERSION = YES;
				GCC_WARN_ABOUT_RETURN_TYPE = YES_ERROR;
				GCC_WARN_UNDECLARED_SELECTOR = YES;
				GCC_WARN_UNINITIALIZED_AUTOS = YES_AGGRESSIVE;
				GCC_WARN_UNUSED_FUNCTION = YES;
				GCC_WARN_UNUSED_VARIABLE = YES;
				IPHONEOS_DEPLOYMENT_TARGET = 9.2;
				MTL_ENABLE_DEBUG_INFO = YES;
				ONLY_ACTIVE_ARCH = YES;
				SDKROOT = iphoneos;
			};
			name = Debug;
		};
		18C400641DB4716200C82EE9 /* Release */ = {
			isa = XCBuildConfiguration;
			buildSettings = {
				ALWAYS_SEARCH_USER_PATHS = NO;
				CLANG_CXX_LANGUAGE_STANDARD = "gnu++0x";
				CLANG_CXX_LIBRARY = "libc++";
				CLANG_ENABLE_MODULES = YES;
				CLANG_ENABLE_OBJC_ARC = YES;
				CLANG_WARN_BOOL_CONVERSION = YES;
				CLANG_WARN_CONSTANT_CONVERSION = YES;
				CLANG_WARN_DIRECT_OBJC_ISA_USAGE = YES_ERROR;
				CLANG_WARN_EMPTY_BODY = YES;
				CLANG_WARN_ENUM_CONVERSION = YES;
				CLANG_WARN_INT_CONVERSION = YES;
				CLANG_WARN_OBJC_ROOT_CLASS = YES_ERROR;
				CLANG_WARN_UNREACHABLE_CODE = YES;
				CLANG_WARN__DUPLICATE_METHOD_MATCH = YES;
				"CODE_SIGN_IDENTITY[sdk=iphoneos*]" = "iPhone Developer";
				COPY_PHASE_STRIP = NO;
				DEBUG_INFORMATION_FORMAT = "dwarf-with-dsym";
				ENABLE_NS_ASSERTIONS = NO;
				ENABLE_STRICT_OBJC_MSGSEND = YES;
				GCC_C_LANGUAGE_STANDARD = gnu99;
				GCC_NO_COMMON_BLOCKS = YES;
				GCC_WARN_64_TO_32_BIT_CONVERSION = YES;
				GCC_WARN_ABOUT_RETURN_TYPE = YES_ERROR;
				GCC_WARN_UNDECLARED_SELECTOR = YES;
				GCC_WARN_UNINITIALIZED_AUTOS = YES_AGGRESSIVE;
				GCC_WARN_UNUSED_FUNCTION = YES;
				GCC_WARN_UNUSED_VARIABLE = YES;
				IPHONEOS_DEPLOYMENT_TARGET = 9.2;
				MTL_ENABLE_DEBUG_INFO = NO;
				SDKROOT = iphoneos;
				VALIDATE_PRODUCT = YES;
			};
			name = Release;
		};
		18C400661DB4716200C82EE9 /* Debug */ = {
			isa = XCBuildConfiguration;
			buildSettings = {
				ASSETCATALOG_COMPILER_APPICON_NAME = AppIcon;
				INFOPLIST_FILE = SelectButtonViewDemo/Info.plist;
				IPHONEOS_DEPLOYMENT_TARGET = 7.0;
				LD_RUNPATH_SEARCH_PATHS = "$(inherited) @executable_path/Frameworks";
				PRODUCT_BUNDLE_IDENTIFIER = YM.SelectButtonViewDemo;
				PRODUCT_NAME = "$(TARGET_NAME)";
			};
			name = Debug;
		};
		18C400671DB4716200C82EE9 /* Release */ = {
			isa = XCBuildConfiguration;
			buildSettings = {
				ASSETCATALOG_COMPILER_APPICON_NAME = AppIcon;
				INFOPLIST_FILE = SelectButtonViewDemo/Info.plist;
				IPHONEOS_DEPLOYMENT_TARGET = 7.0;
				LD_RUNPATH_SEARCH_PATHS = "$(inherited) @executable_path/Frameworks";
				PRODUCT_BUNDLE_IDENTIFIER = YM.SelectButtonViewDemo;
				PRODUCT_NAME = "$(TARGET_NAME)";
			};
			name = Release;
		};
/* End XCBuildConfiguration section */

/* Begin XCConfigurationList section */
		18C400491DB4716100C82EE9 /* Build configuration list for PBXProject "SelectButtonViewDemo" */ = {
			isa = XCConfigurationList;
			buildConfigurations = (
				18C400631DB4716200C82EE9 /* Debug */,
				18C400641DB4716200C82EE9 /* Release */,
			);
			defaultConfigurationIsVisible = 0;
			defaultConfigurationName = Release;
		};
		18C400651DB4716200C82EE9 /* Build configuration list for PBXNativeTarget "SelectButtonViewDemo" */ = {
			isa = XCConfigurationList;
			buildConfigurations = (
				18C400661DB4716200C82EE9 /* Debug */,
				18C400671DB4716200C82EE9 /* Release */,
			);
			defaultConfigurationIsVisible = 0;
		};
/* End XCConfigurationList section */
	};
	rootObject = 18C400461DB4716100C82EE9 /* Project object */;
}
